{
  "name": "git-remote-gosh",
  "version": "0.0.0",
  "lockfileVersion": 2,
  "requires": true,
  "packages": {
    "": {
      "name": "git-remote-gosh",
      "version": "0.0.0",
      "license": "Apache-2.0",
      "dependencies": {
        "@eversdk/core": "^1.32.0",
        "@eversdk/lib-node": "^1.32.0"
      }
    },
    "node_modules/@eversdk/core": {
      "version": "1.32.0",
      "resolved": "https://registry.npmjs.org/@eversdk/core/-/core-1.32.0.tgz",
      "integrity": "sha512-6MOjQ8+u4lBwgQJQXsB+D9ixSMeB4IoWiVN/Dpwmi6gXfdHINix6UFeL0ovz/VOrth/FSEwR/Q58Y/0hseDNag==",
      "engines": {
        "node": ">=6"
      }
    },
    "node_modules/@eversdk/lib-node": {
      "version": "1.32.0",
      "resolved": "https://registry.npmjs.org/@eversdk/lib-node/-/lib-node-1.32.0.tgz",
      "integrity": "sha512-zTbGTdmss5l0u4jQ8EJGEhjgme1mELjbm8YJ22krF8Mr9MySqO/fREcVT6SQoI5PIYp/y8+4M1PJviDL2BNCQg==",
      "hasInstallScript": true,
      "engines": {
        "node": ">=6"
      }
    }
  },
  "dependencies": {
    "@eversdk/core": {
      "version": "1.32.0",
      "resolved": "https://registry.npmjs.org/@eversdk/core/-/core-1.32.0.tgz",
      "integrity": "sha512-6MOjQ8+u4lBwgQJQXsB+D9ixSMeB4IoWiVN/Dpwmi6gXfdHINix6UFeL0ovz/VOrth/FSEwR/Q58Y/0hseDNag=="
    },
    "@eversdk/lib-node": {
      "version": "1.32.0",
      "resolved": "https://registry.npmjs.org/@eversdk/lib-node/-/lib-node-1.32.0.tgz",
      "integrity": "sha512-zTbGTdmss5l0u4jQ8EJGEhjgme1mELjbm8YJ22krF8Mr9MySqO/fREcVT6SQoI5PIYp/y8+4M1PJviDL2BNCQg=="
    }
  }
}
